{
  "version": 4,
  "terraform_version": "1.13.1",
  "serial": 7,
  "lineage": "7f247294-3f45-182a-6986-1eba036ea472",
  "outputs": {},
  "resources": [
    {
      "mode": "managed",
      "type": "signalfx_detector",
      "name": "image_error",
      "provider": "provider[\"registry.terraform.io/splunk-terraform/signalfx\"]",
      "instances": [
        {
          "schema_version": 1,
          "attributes": {
            "authorized_writer_teams": null,
            "authorized_writer_users": null,
            "description": "Alert when any Kubernetes pod goes into Failed phase",
            "detector_origin": "Standard",
            "disable_sampling": false,
            "end_time": null,
            "id": "G00n3D5A0AE",
            "label_resolutions": {
              "pod_failed": 10000
            },
            "max_delay": 0,
            "min_delay": 0,
            "name": "Pod failed alert",
            "parent_detector_id": "",
            "program_text": "signal = data(\"k8s.pod.phase\", filter(\"k8s.pod.phase\", \"Failed\"))\ndetect(when(signal\u003e0)).publish('pod_failed')\n",
            "rule": [
              {
                "description": "Pod failed: {{dimension.k8s_pod_name}} in namespace {{dimension.k8s_namespace_name}} (Cluster: {{dimension.k8s_cluster_name}})",
                "detect_label": "pod_failed",
                "disabled": false,
                "notifications": [],
                "parameterized_body": "",
                "parameterized_subject": "",
                "reminder_notification": [],
                "runbook_url": "",
                "severity": "Critical",
                "tip": ""
              }
            ],
            "show_data_markers": true,
            "show_event_lines": false,
            "start_time": null,
            "tags": [],
            "teams": [],
            "time_range": 3600,
            "timezone": "UTC",
            "url": "https://app.us1.signalfx.com/#/detector/G00n3D5A0AE",
            "viz_options": []
          },
          "sensitive_attributes": [],
          "identity_schema_version": 0,
          "private": "eyJzY2hlbWFfdmVyc2lvbiI6IjEifQ=="
        }
      ]
    }
  ],
  "check_results": null
}
